// !$*UTF8*$!
{
	archiveVersion = 1;
	classes = {
	};
	objectVersion = 56;
	objects = {

/* Begin PBXBuildFile section */
		9470B5A42C8C5AD0007D9CC6 /* main.cpp in Sources */ = {isa = PBXBuildFile; fileRef = 9470B5A32C8C5AD0007D9CC6 /* main.cpp */; };
		9470B5AF2C8C5B99007D9CC6 /* tests.mm in Sources */ = {isa = PBXBuildFile; fileRef = 9470B5AE2C8C5B99007D9CC6 /* tests.mm */; };
		9470B5B62C8C5BFD007D9CC6 /* main.cpp in Sources */ = {isa = PBXBuildFile; fileRef = 9470B5A32C8C5AD0007D9CC6 /* main.cpp */; };
/* End PBXBuildFile section */

/* Begin PBXCopyFilesBuildPhase section */
		9470B59F2C8C5AD0007D9CC6 /* CopyFiles */ = {
			isa = PBXCopyFilesBuildPhase;
			buildActionMask = 2147483647;
			dstPath = /usr/share/man/man1/;
			dstSubfolderSpec = 0;
			files = (
			);
			runOnlyForDeploymentPostprocessing = 1;
		};
/* End PBXCopyFilesBuildPhase section */

/* Begin PBXFileReference section */
		944D0DC82C8C3704004DD0FC /* LICENSE.MD */ = {isa = PBXFileReference; fileEncoding = 4; lastKnownFileType = net.daringfireball.markdown; path = LICENSE.MD; sourceTree = "<group>"; };
		944D0DC92C8C3704004DD0FC /* build.sh */ = {isa = PBXFileReference; fileEncoding = 4; lastKnownFileType = text.script.sh; path = build.sh; sourceTree = "<group>"; };
		944D0DCA2C8C3704004DD0FC /* clean.sh */ = {isa = PBXFileReference; fileEncoding = 4; lastKnownFileType = text.script.sh; path = clean.sh; sourceTree = "<group>"; };
		944D0DCB2C8C3704004DD0FC /* environment.sh */ = {isa = PBXFileReference; fileEncoding = 4; lastKnownFileType = text.script.sh; path = environment.sh; sourceTree = "<group>"; };
		944D0DCC2C8C3704004DD0FC /* run.sh */ = {isa = PBXFileReference; fileEncoding = 4; lastKnownFileType = text.script.sh; path = run.sh; sourceTree = "<group>"; };
		944D0DCD2C8C3704004DD0FC /* test.sh */ = {isa = PBXFileReference; fileEncoding = 4; lastKnownFileType = text.script.sh; path = test.sh; sourceTree = "<group>"; };
		944D0DCF2C8C3704004DD0FC /* sonar-project.properties */ = {isa = PBXFileReference; fileEncoding = 4; lastKnownFileType = text; path = "sonar-project.properties"; sourceTree = "<group>"; };
		944D0DD02C8C3704004DD0FC /* README.md */ = {isa = PBXFileReference; fileEncoding = 4; lastKnownFileType = net.daringfireball.markdown; path = README.md; sourceTree = "<group>"; };
		944D0DD12C8C3704004DD0FC /* random-indices-sp500-variable.svg */ = {isa = PBXFileReference; fileEncoding = 4; lastKnownFileType = text; path = "random-indices-sp500-variable.svg"; sourceTree = "<group>"; };
		944D0DD32C8C3704004DD0FC /* CMakeLists.txt */ = {isa = PBXFileReference; fileEncoding = 4; lastKnownFileType = text; path = CMakeLists.txt; sourceTree = "<group>"; };
		944D0DDB2C8C394A004DD0FC /* main.hpp */ = {isa = PBXFileReference; lastKnownFileType = sourcecode.cpp.h; path = main.hpp; sourceTree = "<group>"; };
		944D0DDC2C8C3962004DD0FC /* main_test.cpp */ = {isa = PBXFileReference; lastKnownFileType = sourcecode.cpp.cpp; path = main_test.cpp; sourceTree = "<group>"; };
		9470B5A12C8C5AD0007D9CC6 /* source */ = {isa = PBXFileReference; explicitFileType = "compiled.mach-o.executable"; includeInIndex = 0; path = source; sourceTree = BUILT_PRODUCTS_DIR; };
		9470B5A32C8C5AD0007D9CC6 /* main.cpp */ = {isa = PBXFileReference; lastKnownFileType = sourcecode.cpp.cpp; path = main.cpp; sourceTree = "<group>"; };
		9470B5AC2C8C5B99007D9CC6 /* tests.xctest */ = {isa = PBXFileReference; explicitFileType = wrapper.cfbundle; includeInIndex = 0; path = tests.xctest; sourceTree = BUILT_PRODUCTS_DIR; };
		9470B5AE2C8C5B99007D9CC6 /* tests.mm */ = {isa = PBXFileReference; lastKnownFileType = sourcecode.cpp.objcpp; path = tests.mm; sourceTree = "<group>"; };
/* End PBXFileReference section */

/* Begin PBXFrameworksBuildPhase section */
		9470B59E2C8C5AD0007D9CC6 /* Frameworks */ = {
			isa = PBXFrameworksBuildPhase;
			buildActionMask = 2147483647;
			files = (
			);
			runOnlyForDeploymentPostprocessing = 0;
		};
		9470B5A92C8C5B99007D9CC6 /* Frameworks */ = {
			isa = PBXFrameworksBuildPhase;
			buildActionMask = 2147483647;
			files = (
			);
			runOnlyForDeploymentPostprocessing = 0;
		};
/* End PBXFrameworksBuildPhase section */

/* Begin PBXGroup section */
		944D0DB52C8C36C0004DD0FC = {
			isa = PBXGroup;
			children = (
				944D0DCE2C8C3704004DD0FC /* scripts */,
				9470B5A22C8C5AD0007D9CC6 /* source */,
				9470B5AD2C8C5B99007D9CC6 /* tests */,
				944D0DCF2C8C3704004DD0FC /* sonar-project.properties */,
				944D0DD32C8C3704004DD0FC /* CMakeLists.txt */,
				944D0DC82C8C3704004DD0FC /* LICENSE.MD */,
				944D0DD02C8C3704004DD0FC /* README.md */,
				944D0DBF2C8C36C0004DD0FC /* Products */,
			);
			sourceTree = "<group>";
		};
		944D0DBF2C8C36C0004DD0FC /* Products */ = {
			isa = PBXGroup;
			children = (
				9470B5A12C8C5AD0007D9CC6 /* source */,
				9470B5AC2C8C5B99007D9CC6 /* tests.xctest */,
			);
			name = Products;
			sourceTree = "<group>";
		};
		944D0DCE2C8C3704004DD0FC /* scripts */ = {
			isa = PBXGroup;
			children = (
				944D0DC92C8C3704004DD0FC /* build.sh */,
				944D0DCA2C8C3704004DD0FC /* clean.sh */,
				944D0DCB2C8C3704004DD0FC /* environment.sh */,
				944D0DCC2C8C3704004DD0FC /* run.sh */,
				944D0DCD2C8C3704004DD0FC /* test.sh */,
			);
			path = scripts;
			sourceTree = "<group>";
		};
		944D0DD22C8C3704004DD0FC /* images */ = {
			isa = PBXGroup;
			children = (
				944D0DD12C8C3704004DD0FC /* random-indices-sp500-variable.svg */,
			);
			path = images;
			sourceTree = "<group>";
		};
		944D0DD52C8C3807004DD0FC /* tests */ = {
			isa = PBXGroup;
			children = (
				944D0DDC2C8C3962004DD0FC /* main_test.cpp */,
			);
			path = tests;
			sourceTree = "<group>";
		};
		9470B5A22C8C5AD0007D9CC6 /* source */ = {
			isa = PBXGroup;
			children = (
				94DE4F772C8C3E7C00FE48FF /* include */,
				944D0DD52C8C3807004DD0FC /* tests */,
				944D0DD22C8C3704004DD0FC /* images */,
				944D0DDB2C8C394A004DD0FC /* main.hpp */,
				9470B5A32C8C5AD0007D9CC6 /* main.cpp */,
			);
			path = source;
			sourceTree = "<group>";
		};
		9470B5AD2C8C5B99007D9CC6 /* tests */ = {
			isa = PBXGroup;
			children = (
				9470B5AE2C8C5B99007D9CC6 /* tests.mm */,
			);
			path = tests;
			sourceTree = "<group>";
		};
		94DE4F772C8C3E7C00FE48FF /* include */ = {
			isa = PBXGroup;
			children = (
			);
			path = include;
			sourceTree = "<group>";
		};
/* End PBXGroup section */

/* Begin PBXNativeTarget section */
		9470B5A02C8C5AD0007D9CC6 /* source */ = {
			isa = PBXNativeTarget;
			buildConfigurationList = 9470B5A52C8C5AD0007D9CC6 /* Build configuration list for PBXNativeTarget "source" */;
			buildPhases = (
				9470B59D2C8C5AD0007D9CC6 /* Sources */,
				9470B59E2C8C5AD0007D9CC6 /* Frameworks */,
				9470B59F2C8C5AD0007D9CC6 /* CopyFiles */,
			);
			buildRules = (
			);
			dependencies = (
			);
			name = source;
			productName = source;
			productReference = 9470B5A12C8C5AD0007D9CC6 /* source */;
			productType = "com.apple.product-type.tool";
		};
		9470B5AB2C8C5B99007D9CC6 /* tests */ = {
			isa = PBXNativeTarget;
			buildConfigurationList = 9470B5B02C8C5B99007D9CC6 /* Build configuration list for PBXNativeTarget "tests" */;
			buildPhases = (
				9470B5A82C8C5B99007D9CC6 /* Sources */,
				9470B5A92C8C5B99007D9CC6 /* Frameworks */,
				9470B5AA2C8C5B99007D9CC6 /* Resources */,
			);
			buildRules = (
			);
			dependencies = (
			);
			name = tests;
			productName = tests;
			productReference = 9470B5AC2C8C5B99007D9CC6 /* tests.xctest */;
			productType = "com.apple.product-type.bundle.unit-test";
		};
/* End PBXNativeTarget section */

/* Begin PBXProject section */
		944D0DB62C8C36C0004DD0FC /* Project object */ = {
			isa = PBXProject;
			attributes = {
				BuildIndependentTargetsInParallel = 1;
				KnownAssetTags = (
					New,
				);
				LastUpgradeCheck = 1540;
				TargetAttributes = {
					9470B5A02C8C5AD0007D9CC6 = {
						CreatedOnToolsVersion = 15.4;
					};
					9470B5AB2C8C5B99007D9CC6 = {
						CreatedOnToolsVersion = 15.4;
					};
				};
			};
			buildConfigurationList = 944D0DB92C8C36C0004DD0FC /* Build configuration list for PBXProject "backtesting-engine-cpp" */;
			compatibilityVersion = "Xcode 14.0";
			developmentRegion = en;
			hasScannedForEncodings = 0;
			knownRegions = (
				en,
				Base,
			);
			mainGroup = 944D0DB52C8C36C0004DD0FC;
			packageReferences = (
			);
			productRefGroup = 944D0DBF2C8C36C0004DD0FC /* Products */;
			projectDirPath = "";
			projectRoot = "";
			targets = (
				9470B5A02C8C5AD0007D9CC6 /* source */,
				9470B5AB2C8C5B99007D9CC6 /* tests */,
			);
		};
/* End PBXProject section */

/* Begin PBXResourcesBuildPhase section */
		9470B5AA2C8C5B99007D9CC6 /* Resources */ = {
			isa = PBXResourcesBuildPhase;
			buildActionMask = 2147483647;
			files = (
			);
			runOnlyForDeploymentPostprocessing = 0;
		};
/* End PBXResourcesBuildPhase section */

/* Begin PBXSourcesBuildPhase section */
		9470B59D2C8C5AD0007D9CC6 /* Sources */ = {
			isa = PBXSourcesBuildPhase;
			buildActionMask = 2147483647;
			files = (
				9470B5A42C8C5AD0007D9CC6 /* main.cpp in Sources */,
			);
			runOnlyForDeploymentPostprocessing = 0;
		};
		9470B5A82C8C5B99007D9CC6 /* Sources */ = {
			isa = PBXSourcesBuildPhase;
			buildActionMask = 2147483647;
			files = (
				9470B5B62C8C5BFD007D9CC6 /* main.cpp in Sources */,
				9470B5AF2C8C5B99007D9CC6 /* tests.mm in Sources */,
			);
			runOnlyForDeploymentPostprocessing = 0;
		};
/* End PBXSourcesBuildPhase section */

/* Begin XCBuildConfiguration section */
		944D0DC32C8C36C0004DD0FC /* Debug */ = {
			isa = XCBuildConfiguration;
			buildSettings = {
				ALWAYS_SEARCH_USER_PATHS = NO;
				ASSETCATALOG_COMPILER_GENERATE_SWIFT_ASSET_SYMBOL_EXTENSIONS = YES;
				CLANG_ANALYZER_NONNULL = YES;
				CLANG_ANALYZER_NUMBER_OBJECT_CONVERSION = YES_AGGRESSIVE;
				CLANG_CXX_LANGUAGE_STANDARD = "gnu++20";
				CLANG_ENABLE_MODULES = YES;
				CLANG_ENABLE_OBJC_ARC = YES;
				CLANG_ENABLE_OBJC_WEAK = YES;
				CLANG_WARN_BLOCK_CAPTURE_AUTORELEASING = YES;
				CLANG_WARN_BOOL_CONVERSION = YES;
				CLANG_WARN_COMMA = YES;
				CLANG_WARN_CONSTANT_CONVERSION = YES;
				CLANG_WARN_DEPRECATED_OBJC_IMPLEMENTATIONS = YES;
				CLANG_WARN_DIRECT_OBJC_ISA_USAGE = YES_ERROR;
				CLANG_WARN_DOCUMENTATION_COMMENTS = YES;
				CLANG_WARN_EMPTY_BODY = YES;
				CLANG_WARN_ENUM_CONVERSION = YES;
				CLANG_WARN_INFINITE_RECURSION = YES;
				CLANG_WARN_INT_CONVERSION = YES;
				CLANG_WARN_NON_LITERAL_NULL_CONVERSION = YES;
				CLANG_WARN_OBJC_IMPLICIT_RETAIN_SELF = YES;
				CLANG_WARN_OBJC_LITERAL_CONVERSION = YES;
				CLANG_WARN_OBJC_ROOT_CLASS = YES_ERROR;
				CLANG_WARN_QUOTED_INCLUDE_IN_FRAMEWORK_HEADER = YES;
				CLANG_WARN_RANGE_LOOP_ANALYSIS = YES;
				CLANG_WARN_STRICT_PROTOTYPES = YES;
				CLANG_WARN_SUSPICIOUS_MOVE = YES;
				CLANG_WARN_UNGUARDED_AVAILABILITY = YES_AGGRESSIVE;
				CLANG_WARN_UNREACHABLE_CODE = YES;
				CLANG_WARN__DUPLICATE_METHOD_MATCH = YES;
				COPY_PHASE_STRIP = NO;
				DEBUG_INFORMATION_FORMAT = dwarf;
				ENABLE_STRICT_OBJC_MSGSEND = YES;
				ENABLE_TESTABILITY = YES;
				ENABLE_USER_SCRIPT_SANDBOXING = YES;
				GCC_C_LANGUAGE_STANDARD = gnu17;
				GCC_DYNAMIC_NO_PIC = NO;
				GCC_NO_COMMON_BLOCKS = YES;
				GCC_OPTIMIZATION_LEVEL = 0;
				GCC_PREPROCESSOR_DEFINITIONS = (
					"DEBUG=1",
					"$(inherited)",
				);
				GCC_WARN_64_TO_32_BIT_CONVERSION = YES;
				GCC_WARN_ABOUT_RETURN_TYPE = YES_ERROR;
				GCC_WARN_UNDECLARED_SELECTOR = YES;
				GCC_WARN_UNINITIALIZED_AUTOS = YES_AGGRESSIVE;
				GCC_WARN_UNUSED_FUNCTION = YES;
				GCC_WARN_UNUSED_VARIABLE = YES;
				LOCALIZATION_PREFERS_STRING_CATALOGS = YES;
				MACOSX_DEPLOYMENT_TARGET = 14.5;
				MTL_ENABLE_DEBUG_INFO = INCLUDE_SOURCE;
				MTL_FAST_MATH = YES;
				ONLY_ACTIVE_ARCH = YES;
				SDKROOT = macosx;
			};
			name = Debug;
		};
		944D0DC42C8C36C0004DD0FC /* Release */ = {
			isa = XCBuildConfiguration;
			buildSettings = {
				ALWAYS_SEARCH_USER_PATHS = NO;
				ASSETCATALOG_COMPILER_GENERATE_SWIFT_ASSET_SYMBOL_EXTENSIONS = YES;
				CLANG_ANALYZER_NONNULL = YES;
				CLANG_ANALYZER_NUMBER_OBJECT_CONVERSION = YES_AGGRESSIVE;
				CLANG_CXX_LANGUAGE_STANDARD = "gnu++20";
				CLANG_ENABLE_MODULES = YES;
				CLANG_ENABLE_OBJC_ARC = YES;
				CLANG_ENABLE_OBJC_WEAK = YES;
				CLANG_WARN_BLOCK_CAPTURE_AUTORELEASING = YES;
				CLANG_WARN_BOOL_CONVERSION = YES;
				CLANG_WARN_COMMA = YES;
				CLANG_WARN_CONSTANT_CONVERSION = YES;
				CLANG_WARN_DEPRECATED_OBJC_IMPLEMENTATIONS = YES;
				CLANG_WARN_DIRECT_OBJC_ISA_USAGE = YES_ERROR;
				CLANG_WARN_DOCUMENTATION_COMMENTS = YES;
				CLANG_WARN_EMPTY_BODY = YES;
				CLANG_WARN_ENUM_CONVERSION = YES;
				CLANG_WARN_INFINITE_RECURSION = YES;
				CLANG_WARN_INT_CONVERSION = YES;
				CLANG_WARN_NON_LITERAL_NULL_CONVERSION = YES;
				CLANG_WARN_OBJC_IMPLICIT_RETAIN_SELF = YES;
				CLANG_WARN_OBJC_LITERAL_CONVERSION = YES;
				CLANG_WARN_OBJC_ROOT_CLASS = YES_ERROR;
				CLANG_WARN_QUOTED_INCLUDE_IN_FRAMEWORK_HEADER = YES;
				CLANG_WARN_RANGE_LOOP_ANALYSIS = YES;
				CLANG_WARN_STRICT_PROTOTYPES = YES;
				CLANG_WARN_SUSPICIOUS_MOVE = YES;
				CLANG_WARN_UNGUARDED_AVAILABILITY = YES_AGGRESSIVE;
				CLANG_WARN_UNREACHABLE_CODE = YES;
				CLANG_WARN__DUPLICATE_METHOD_MATCH = YES;
				COPY_PHASE_STRIP = NO;
				DEBUG_INFORMATION_FORMAT = "dwarf-with-dsym";
				ENABLE_NS_ASSERTIONS = NO;
				ENABLE_STRICT_OBJC_MSGSEND = YES;
				ENABLE_USER_SCRIPT_SANDBOXING = YES;
				GCC_C_LANGUAGE_STANDARD = gnu17;
				GCC_NO_COMMON_BLOCKS = YES;
				GCC_WARN_64_TO_32_BIT_CONVERSION = YES;
				GCC_WARN_ABOUT_RETURN_TYPE = YES_ERROR;
				GCC_WARN_UNDECLARED_SELECTOR = YES;
				GCC_WARN_UNINITIALIZED_AUTOS = YES_AGGRESSIVE;
				GCC_WARN_UNUSED_FUNCTION = YES;
				GCC_WARN_UNUSED_VARIABLE = YES;
				LOCALIZATION_PREFERS_STRING_CATALOGS = YES;
				MACOSX_DEPLOYMENT_TARGET = 14.5;
				MTL_ENABLE_DEBUG_INFO = NO;
				MTL_FAST_MATH = YES;
				SDKROOT = macosx;
			};
			name = Release;
		};
		9470B5A62C8C5AD0007D9CC6 /* Debug */ = {
			isa = XCBuildConfiguration;
			buildSettings = {
				CODE_SIGN_STYLE = Automatic;
				PRODUCT_NAME = "$(TARGET_NAME)";
			};
			name = Debug;
		};
		9470B5A72C8C5AD0007D9CC6 /* Release */ = {
			isa = XCBuildConfiguration;
			buildSettings = {
				CODE_SIGN_STYLE = Automatic;
				PRODUCT_NAME = "$(TARGET_NAME)";
			};
			name = Release;
		};
		9470B5B12C8C5B99007D9CC6 /* Debug */ = {
			isa = XCBuildConfiguration;
			buildSettings = {
				CODE_SIGN_STYLE = Automatic;
				CURRENT_PROJECT_VERSION = 1;
				GENERATE_INFOPLIST_FILE = YES;
				MARKETING_VERSION = 1.0;
				PRODUCT_BUNDLE_IDENTIFIER = com.mccaffers.tests;
				PRODUCT_NAME = "$(TARGET_NAME)";
				SWIFT_EMIT_LOC_STRINGS = NO;
			};
			name = Debug;
		};
		9470B5B22C8C5B99007D9CC6 /* Release */ = {
			isa = XCBuildConfiguration;
			buildSettings = {
				CODE_SIGN_STYLE = Automatic;
				CURRENT_PROJECT_VERSION = 1;
				GENERATE_INFOPLIST_FILE = YES;
				MARKETING_VERSION = 1.0;
				PRODUCT_BUNDLE_IDENTIFIER = com.mccaffers.tests;
				PRODUCT_NAME = "$(TARGET_NAME)";
				SWIFT_EMIT_LOC_STRINGS = NO;
			};
			name = Release;
		};
/* End XCBuildConfiguration section */

/* Begin XCConfigurationList section */
		944D0DB92C8C36C0004DD0FC /* Build configuration list for PBXProject "backtesting-engine-cpp" */ = {
			isa = XCConfigurationList;
			buildConfigurations = (
				944D0DC32C8C36C0004DD0FC /* Debug */,
				944D0DC42C8C36C0004DD0FC /* Release */,
			);
			defaultConfigurationIsVisible = 0;
			defaultConfigurationName = Release;
		};
		9470B5A52C8C5AD0007D9CC6 /* Build configuration list for PBXNativeTarget "source" */ = {
			isa = XCConfigurationList;
			buildConfigurations = (
				9470B5A62C8C5AD0007D9CC6 /* Debug */,
				9470B5A72C8C5AD0007D9CC6 /* Release */,
			);
			defaultConfigurationIsVisible = 0;
			defaultConfigurationName = Release;
		};
		9470B5B02C8C5B99007D9CC6 /* Build configuration list for PBXNativeTarget "tests" */ = {
			isa = XCConfigurationList;
			buildConfigurations = (
				9470B5B12C8C5B99007D9CC6 /* Debug */,
				9470B5B22C8C5B99007D9CC6 /* Release */,
			);
			defaultConfigurationIsVisible = 0;
			defaultConfigurationName = Release;
		};
/* End XCConfigurationList section */
	};
	rootObject = 944D0DB62C8C36C0004DD0FC /* Project object */;
}
